// !$*UTF8*$!
{
	archiveVersion = 1;
	classes = {
	};
	objectVersion = 56;
	objects = {

/* Begin PBXBuildFile section */
		563CB2E4292658970044907F /* NewsList.swift in Sources */ = {isa = PBXBuildFile; fileRef = 563CB2E3292658970044907F /* NewsList.swift */; };
		563CB2E6292659310044907F /* SearchPage.swift in Sources */ = {isa = PBXBuildFile; fileRef = 563CB2E5292659310044907F /* SearchPage.swift */; };
		563CB2E8292659C30044907F /* NewsListVM.swift in Sources */ = {isa = PBXBuildFile; fileRef = 563CB2E7292659C30044907F /* NewsListVM.swift */; };
		563CB306292668DA0044907F /* AccessTokenManager.swift in Sources */ = {isa = PBXBuildFile; fileRef = 563CB2F3292668DA0044907F /* AccessTokenManager.swift */; };
		563CB307292668DA0044907F /* APIConstants.swift in Sources */ = {isa = PBXBuildFile; fileRef = 563CB2F4292668DA0044907F /* APIConstants.swift */; };
		563CB308292668DA0044907F /* RequestManager.swift in Sources */ = {isa = PBXBuildFile; fileRef = 563CB2F6292668DA0044907F /* RequestManager.swift */; };
		563CB309292668DA0044907F /* APIManager.swift in Sources */ = {isa = PBXBuildFile; fileRef = 563CB2F7292668DA0044907F /* APIManager.swift */; };
		563CB30A292668DA0044907F /* NetworkError.swift in Sources */ = {isa = PBXBuildFile; fileRef = 563CB2F8292668DA0044907F /* NetworkError.swift */; };
		563CB30B292668DA0044907F /* DataParser.swift in Sources */ = {isa = PBXBuildFile; fileRef = 563CB2FA292668DA0044907F /* DataParser.swift */; };
		563CB30C292668DA0044907F /* APIToken.swift in Sources */ = {isa = PBXBuildFile; fileRef = 563CB2FC292668DA0044907F /* APIToken.swift */; };
		563CB30D292668DA0044907F /* AuthTokenRequest.swift in Sources */ = {isa = PBXBuildFile; fileRef = 563CB2FF292668DA0044907F /* AuthTokenRequest.swift */; };
		563CB30E292668DA0044907F /* RequestProtocol.swift in Sources */ = {isa = PBXBuildFile; fileRef = 563CB300292668DA0044907F /* RequestProtocol.swift */; };
		563CB30F292668DA0044907F /* AnimalsRequest.swift in Sources */ = {isa = PBXBuildFile; fileRef = 563CB302292668DA0044907F /* AnimalsRequest.swift */; };
		563CB310292668DA0044907F /* TopStoriesRequest.swift in Sources */ = {isa = PBXBuildFile; fileRef = 563CB304292668DA0044907F /* TopStoriesRequest.swift */; };
		563CB311292668DA0044907F /* RequestType.swift in Sources */ = {isa = PBXBuildFile; fileRef = 563CB305292668DA0044907F /* RequestType.swift */; };
		56BF0EDB2923D4A00046AEB8 /* NetworkingTutorialApp.swift in Sources */ = {isa = PBXBuildFile; fileRef = 56BF0EDA2923D4A00046AEB8 /* NetworkingTutorialApp.swift */; };
		56BF0EDD2923D4A00046AEB8 /* ContentView.swift in Sources */ = {isa = PBXBuildFile; fileRef = 56BF0EDC2923D4A00046AEB8 /* ContentView.swift */; };
		56BF0EDF2923D4A20046AEB8 /* Assets.xcassets in Resources */ = {isa = PBXBuildFile; fileRef = 56BF0EDE2923D4A20046AEB8 /* Assets.xcassets */; };
		56BF0EE22923D4A20046AEB8 /* Preview Assets.xcassets in Resources */ = {isa = PBXBuildFile; fileRef = 56BF0EE12923D4A20046AEB8 /* Preview Assets.xcassets */; };
/* End PBXBuildFile section */

/* Begin PBXFileReference section */
		563CB2E3292658970044907F /* NewsList.swift */ = {isa = PBXFileReference; lastKnownFileType = sourcecode.swift; path = NewsList.swift; sourceTree = "<group>"; };
		563CB2E5292659310044907F /* SearchPage.swift */ = {isa = PBXFileReference; lastKnownFileType = sourcecode.swift; path = SearchPage.swift; sourceTree = "<group>"; };
		563CB2E7292659C30044907F /* NewsListVM.swift */ = {isa = PBXFileReference; lastKnownFileType = sourcecode.swift; path = NewsListVM.swift; sourceTree = "<group>"; };
		563CB2F3292668DA0044907F /* AccessTokenManager.swift */ = {isa = PBXFileReference; fileEncoding = 4; lastKnownFileType = sourcecode.swift; path = AccessTokenManager.swift; sourceTree = "<group>"; };
		563CB2F4292668DA0044907F /* APIConstants.swift */ = {isa = PBXFileReference; fileEncoding = 4; lastKnownFileType = sourcecode.swift; path = APIConstants.swift; sourceTree = "<group>"; };
		563CB2F6292668DA0044907F /* RequestManager.swift */ = {isa = PBXFileReference; fileEncoding = 4; lastKnownFileType = sourcecode.swift; path = RequestManager.swift; sourceTree = "<group>"; };
		563CB2F7292668DA0044907F /* APIManager.swift */ = {isa = PBXFileReference; fileEncoding = 4; lastKnownFileType = sourcecode.swift; path = APIManager.swift; sourceTree = "<group>"; };
		563CB2F8292668DA0044907F /* NetworkError.swift */ = {isa = PBXFileReference; fileEncoding = 4; lastKnownFileType = sourcecode.swift; path = NetworkError.swift; sourceTree = "<group>"; };
		563CB2FA292668DA0044907F /* DataParser.swift */ = {isa = PBXFileReference; fileEncoding = 4; lastKnownFileType = sourcecode.swift; path = DataParser.swift; sourceTree = "<group>"; };
		563CB2FC292668DA0044907F /* APIToken.swift */ = {isa = PBXFileReference; fileEncoding = 4; lastKnownFileType = sourcecode.swift; path = APIToken.swift; sourceTree = "<group>"; };
		563CB2FF292668DA0044907F /* AuthTokenRequest.swift */ = {isa = PBXFileReference; fileEncoding = 4; lastKnownFileType = sourcecode.swift; path = AuthTokenRequest.swift; sourceTree = "<group>"; };
		563CB300292668DA0044907F /* RequestProtocol.swift */ = {isa = PBXFileReference; fileEncoding = 4; lastKnownFileType = sourcecode.swift; path = RequestProtocol.swift; sourceTree = "<group>"; };
		563CB302292668DA0044907F /* AnimalsRequest.swift */ = {isa = PBXFileReference; fileEncoding = 4; lastKnownFileType = sourcecode.swift; path = AnimalsRequest.swift; sourceTree = "<group>"; };
		563CB304292668DA0044907F /* TopStoriesRequest.swift */ = {isa = PBXFileReference; fileEncoding = 4; lastKnownFileType = sourcecode.swift; path = TopStoriesRequest.swift; sourceTree = "<group>"; };
		563CB305292668DA0044907F /* RequestType.swift */ = {isa = PBXFileReference; fileEncoding = 4; lastKnownFileType = sourcecode.swift; path = RequestType.swift; sourceTree = "<group>"; };
		56BF0ED72923D4A00046AEB8 /* NetworkingTutorial.app */ = {isa = PBXFileReference; explicitFileType = wrapper.application; includeInIndex = 0; path = NetworkingTutorial.app; sourceTree = BUILT_PRODUCTS_DIR; };
		56BF0EDA2923D4A00046AEB8 /* NetworkingTutorialApp.swift */ = {isa = PBXFileReference; lastKnownFileType = sourcecode.swift; path = NetworkingTutorialApp.swift; sourceTree = "<group>"; };
		56BF0EDC2923D4A00046AEB8 /* ContentView.swift */ = {isa = PBXFileReference; lastKnownFileType = sourcecode.swift; path = ContentView.swift; sourceTree = "<group>"; };
		56BF0EDE2923D4A20046AEB8 /* Assets.xcassets */ = {isa = PBXFileReference; lastKnownFileType = folder.assetcatalog; path = Assets.xcassets; sourceTree = "<group>"; };
		56BF0EE12923D4A20046AEB8 /* Preview Assets.xcassets */ = {isa = PBXFileReference; lastKnownFileType = folder.assetcatalog; path = "Preview Assets.xcassets"; sourceTree = "<group>"; };
/* End PBXFileReference section */

/* Begin PBXFrameworksBuildPhase section */
		56BF0ED42923D4A00046AEB8 /* Frameworks */ = {
			isa = PBXFrameworksBuildPhase;
			buildActionMask = 2147483647;
			files = (
			);
			runOnlyForDeploymentPostprocessing = 0;
		};
/* End PBXFrameworksBuildPhase section */

/* Begin PBXGroup section */
		563CB2E1292624FF0044907F /* Screen */ = {
			isa = PBXGroup;
			children = (
				56BF0EDC2923D4A00046AEB8 /* ContentView.swift */,
				563CB2E3292658970044907F /* NewsList.swift */,
				563CB2E5292659310044907F /* SearchPage.swift */,
				563CB2E7292659C30044907F /* NewsListVM.swift */,
			);
			path = Screen;
			sourceTree = "<group>";
		};
		563CB2E2292625260044907F /* Resource */ = {
			isa = PBXGroup;
			children = (
				56BF0EDE2923D4A20046AEB8 /* Assets.xcassets */,
			);
			path = Resource;
			sourceTree = "<group>";
		};
		563CB2F0292667FD0044907F /* Model */ = {
			isa = PBXGroup;
			children = (
			);
			path = Model;
			sourceTree = "<group>";
		};
		563CB2F1292668DA0044907F /* API */ = {
			isa = PBXGroup;
			children = (
				563CB2F2292668DA0044907F /* token */,
				563CB2F4292668DA0044907F /* APIConstants.swift */,
				563CB2F5292668DA0044907F /* network */,
				563CB2F9292668DA0044907F /* parser */,
				563CB2FB292668DA0044907F /* model */,
				563CB2FD292668DA0044907F /* request */,
			);
			path = API;
			sourceTree = "<group>";
		};
		563CB2F2292668DA0044907F /* token */ = {
			isa = PBXGroup;
			children = (
				563CB2F3292668DA0044907F /* AccessTokenManager.swift */,
			);
			path = token;
			sourceTree = "<group>";
		};
		563CB2F5292668DA0044907F /* network */ = {
			isa = PBXGroup;
			children = (
				563CB2F6292668DA0044907F /* RequestManager.swift */,
				563CB2F7292668DA0044907F /* APIManager.swift */,
				563CB2F8292668DA0044907F /* NetworkError.swift */,
			);
			path = network;
			sourceTree = "<group>";
		};
		563CB2F9292668DA0044907F /* parser */ = {
			isa = PBXGroup;
			children = (
				563CB2FA292668DA0044907F /* DataParser.swift */,
			);
			path = parser;
			sourceTree = "<group>";
		};
		563CB2FB292668DA0044907F /* model */ = {
			isa = PBXGroup;
			children = (
				563CB2FC292668DA0044907F /* APIToken.swift */,
			);
			path = model;
			sourceTree = "<group>";
		};
		563CB2FD292668DA0044907F /* request */ = {
			isa = PBXGroup;
			children = (
				563CB2FE292668DA0044907F /* auth */,
				563CB300292668DA0044907F /* RequestProtocol.swift */,
				563CB301292668DA0044907F /* animals */,
				563CB303292668DA0044907F /* NewsRequest */,
				563CB305292668DA0044907F /* RequestType.swift */,
			);
			path = request;
			sourceTree = "<group>";
		};
		563CB2FE292668DA0044907F /* auth */ = {
			isa = PBXGroup;
			children = (
				563CB2FF292668DA0044907F /* AuthTokenRequest.swift */,
			);
			path = auth;
			sourceTree = "<group>";
		};
		563CB301292668DA0044907F /* animals */ = {
			isa = PBXGroup;
			children = (
				563CB302292668DA0044907F /* AnimalsRequest.swift */,
			);
			path = animals;
			sourceTree = "<group>";
		};
		563CB303292668DA0044907F /* NewsRequest */ = {
			isa = PBXGroup;
			children = (
				563CB304292668DA0044907F /* TopStoriesRequest.swift */,
			);
			path = NewsRequest;
			sourceTree = "<group>";
		};
		56BF0ECE2923D4A00046AEB8 = {
			isa = PBXGroup;
			children = (
				56BF0ED92923D4A00046AEB8 /* NetworkingTutorial */,
				56BF0ED82923D4A00046AEB8 /* Products */,
			);
			sourceTree = "<group>";
		};
		56BF0ED82923D4A00046AEB8 /* Products */ = {
			isa = PBXGroup;
			children = (
				56BF0ED72923D4A00046AEB8 /* NetworkingTutorial.app */,
			);
			name = Products;
			sourceTree = "<group>";
		};
		56BF0ED92923D4A00046AEB8 /* NetworkingTutorial */ = {
			isa = PBXGroup;
			children = (
				56BF0EDA2923D4A00046AEB8 /* NetworkingTutorialApp.swift */,
				563CB2E1292624FF0044907F /* Screen */,
				563CB2F1292668DA0044907F /* API */,
				563CB2F0292667FD0044907F /* Model */,
				563CB2E2292625260044907F /* Resource */,
				56BF0EE02923D4A20046AEB8 /* Preview Content */,
			);
			path = NetworkingTutorial;
			sourceTree = "<group>";
		};
		56BF0EE02923D4A20046AEB8 /* Preview Content */ = {
			isa = PBXGroup;
			children = (
				56BF0EE12923D4A20046AEB8 /* Preview Assets.xcassets */,
			);
			path = "Preview Content";
			sourceTree = "<group>";
		};
/* End PBXGroup section */

/* Begin PBXNativeTarget section */
		56BF0ED62923D4A00046AEB8 /* NetworkingTutorial */ = {
			isa = PBXNativeTarget;
			buildConfigurationList = 56BF0EE52923D4A20046AEB8 /* Build configuration list for PBXNativeTarget "NetworkingTutorial" */;
			buildPhases = (
				56BF0ED32923D4A00046AEB8 /* Sources */,
				56BF0ED42923D4A00046AEB8 /* Frameworks */,
				56BF0ED52923D4A00046AEB8 /* Resources */,
			);
			buildRules = (
			);
			dependencies = (
			);
			name = NetworkingTutorial;
			productName = NetworkingTutorial;
			productReference = 56BF0ED72923D4A00046AEB8 /* NetworkingTutorial.app */;
			productType = "com.apple.product-type.application";
		};
/* End PBXNativeTarget section */

/* Begin PBXProject section */
		56BF0ECF2923D4A00046AEB8 /* Project object */ = {
			isa = PBXProject;
			attributes = {
				BuildIndependentTargetsInParallel = 1;
				LastSwiftUpdateCheck = 1400;
				LastUpgradeCheck = 1400;
				TargetAttributes = {
					56BF0ED62923D4A00046AEB8 = {
						CreatedOnToolsVersion = 14.0.1;
					};
				};
			};
			buildConfigurationList = 56BF0ED22923D4A00046AEB8 /* Build configuration list for PBXProject "NetworkingTutorial" */;
			compatibilityVersion = "Xcode 14.0";
			developmentRegion = en;
			hasScannedForEncodings = 0;
			knownRegions = (
				en,
				Base,
			);
			mainGroup = 56BF0ECE2923D4A00046AEB8;
			productRefGroup = 56BF0ED82923D4A00046AEB8 /* Products */;
			projectDirPath = "";
			projectRoot = "";
			targets = (
				56BF0ED62923D4A00046AEB8 /* NetworkingTutorial */,
			);
		};
/* End PBXProject section */

/* Begin PBXResourcesBuildPhase section */
		56BF0ED52923D4A00046AEB8 /* Resources */ = {
			isa = PBXResourcesBuildPhase;
			buildActionMask = 2147483647;
			files = (
				56BF0EE22923D4A20046AEB8 /* Preview Assets.xcassets in Resources */,
				56BF0EDF2923D4A20046AEB8 /* Assets.xcassets in Resources */,
			);
			runOnlyForDeploymentPostprocessing = 0;
		};
/* End PBXResourcesBuildPhase section */

/* Begin PBXSourcesBuildPhase section */
		56BF0ED32923D4A00046AEB8 /* Sources */ = {
			isa = PBXSourcesBuildPhase;
			buildActionMask = 2147483647;
			files = (
				563CB2E4292658970044907F /* NewsList.swift in Sources */,
				563CB307292668DA0044907F /* APIConstants.swift in Sources */,
				563CB30B292668DA0044907F /* DataParser.swift in Sources */,
				56BF0EDD2923D4A00046AEB8 /* ContentView.swift in Sources */,
				563CB30C292668DA0044907F /* APIToken.swift in Sources */,
				563CB309292668DA0044907F /* APIManager.swift in Sources */,
				563CB30F292668DA0044907F /* AnimalsRequest.swift in Sources */,
				563CB310292668DA0044907F /* TopStoriesRequest.swift in Sources */,
				563CB308292668DA0044907F /* RequestManager.swift in Sources */,
				563CB2E8292659C30044907F /* NewsListVM.swift in Sources */,
				563CB311292668DA0044907F /* RequestType.swift in Sources */,
				563CB306292668DA0044907F /* AccessTokenManager.swift in Sources */,
				56BF0EDB2923D4A00046AEB8 /* NetworkingTutorialApp.swift in Sources */,
				563CB30D292668DA0044907F /* AuthTokenRequest.swift in Sources */,
				563CB2E6292659310044907F /* SearchPage.swift in Sources */,
				563CB30A292668DA0044907F /* NetworkError.swift in Sources */,
				563CB30E292668DA0044907F /* RequestProtocol.swift in Sources */,
			);
			runOnlyForDeploymentPostprocessing = 0;
		};
/* End PBXSourcesBuildPhase section */

/* Begin XCBuildConfiguration section */
		56BF0EE32923D4A20046AEB8 /* Debug */ = {
			isa = XCBuildConfiguration;
			buildSettings = {
				ALWAYS_SEARCH_USER_PATHS = NO;
				CLANG_ANALYZER_NONNULL = YES;
				CLANG_ANALYZER_NUMBER_OBJECT_CONVERSION = YES_AGGRESSIVE;
				CLANG_CXX_LANGUAGE_STANDARD = "gnu++20";
				CLANG_ENABLE_MODULES = YES;
				CLANG_ENABLE_OBJC_ARC = YES;
				CLANG_ENABLE_OBJC_WEAK = YES;
				CLANG_WARN_BLOCK_CAPTURE_AUTORELEASING = YES;
				CLANG_WARN_BOOL_CONVERSION = YES;
				CLANG_WARN_COMMA = YES;
				CLANG_WARN_CONSTANT_CONVERSION = YES;
				CLANG_WARN_DEPRECATED_OBJC_IMPLEMENTATIONS = YES;
				CLANG_WARN_DIRECT_OBJC_ISA_USAGE = YES_ERROR;
				CLANG_WARN_DOCUMENTATION_COMMENTS = YES;
				CLANG_WARN_EMPTY_BODY = YES;
				CLANG_WARN_ENUM_CONVERSION = YES;
				CLANG_WARN_INFINITE_RECURSION = YES;
				CLANG_WARN_INT_CONVERSION = YES;
				CLANG_WARN_NON_LITERAL_NULL_CONVERSION = YES;
				CLANG_WARN_OBJC_IMPLICIT_RETAIN_SELF = YES;
				CLANG_WARN_OBJC_LITERAL_CONVERSION = YES;
				CLANG_WARN_OBJC_ROOT_CLASS = YES_ERROR;
				CLANG_WARN_QUOTED_INCLUDE_IN_FRAMEWORK_HEADER = YES;
				CLANG_WARN_RANGE_LOOP_ANALYSIS = YES;
				CLANG_WARN_STRICT_PROTOTYPES = YES;
				CLANG_WARN_SUSPICIOUS_MOVE = YES;
				CLANG_WARN_UNGUARDED_AVAILABILITY = YES_AGGRESSIVE;
				CLANG_WARN_UNREACHABLE_CODE = YES;
				CLANG_WARN__DUPLICATE_METHOD_MATCH = YES;
				COPY_PHASE_STRIP = NO;
				DEBUG_INFORMATION_FORMAT = dwarf;
				ENABLE_STRICT_OBJC_MSGSEND = YES;
				ENABLE_TESTABILITY = YES;
				GCC_C_LANGUAGE_STANDARD = gnu11;
				GCC_DYNAMIC_NO_PIC = NO;
				GCC_NO_COMMON_BLOCKS = YES;
				GCC_OPTIMIZATION_LEVEL = 0;
				GCC_PREPROCESSOR_DEFINITIONS = (
					"DEBUG=1",
					"$(inherited)",
				);
				GCC_WARN_64_TO_32_BIT_CONVERSION = YES;
				GCC_WARN_ABOUT_RETURN_TYPE = YES_ERROR;
				GCC_WARN_UNDECLARED_SELECTOR = YES;
				GCC_WARN_UNINITIALIZED_AUTOS = YES_AGGRESSIVE;
				GCC_WARN_UNUSED_FUNCTION = YES;
				GCC_WARN_UNUSED_VARIABLE = YES;
				IPHONEOS_DEPLOYMENT_TARGET = 16.0;
				MTL_ENABLE_DEBUG_INFO = INCLUDE_SOURCE;
				MTL_FAST_MATH = YES;
				ONLY_ACTIVE_ARCH = YES;
				SDKROOT = iphoneos;
				SWIFT_ACTIVE_COMPILATION_CONDITIONS = DEBUG;
				SWIFT_OPTIMIZATION_LEVEL = "-Onone";
			};
			name = Debug;
		};
		56BF0EE42923D4A20046AEB8 /* Release */ = {
			isa = XCBuildConfiguration;
			buildSettings = {
				ALWAYS_SEARCH_USER_PATHS = NO;
				CLANG_ANALYZER_NONNULL = YES;
				CLANG_ANALYZER_NUMBER_OBJECT_CONVERSION = YES_AGGRESSIVE;
				CLANG_CXX_LANGUAGE_STANDARD = "gnu++20";
				CLANG_ENABLE_MODULES = YES;
				CLANG_ENABLE_OBJC_ARC = YES;
				CLANG_ENABLE_OBJC_WEAK = YES;
				CLANG_WARN_BLOCK_CAPTURE_AUTORELEASING = YES;
				CLANG_WARN_BOOL_CONVERSION = YES;
				CLANG_WARN_COMMA = YES;
				CLANG_WARN_CONSTANT_CONVERSION = YES;
				CLANG_WARN_DEPRECATED_OBJC_IMPLEMENTATIONS = YES;
				CLANG_WARN_DIRECT_OBJC_ISA_USAGE = YES_ERROR;
				CLANG_WARN_DOCUMENTATION_COMMENTS = YES;
				CLANG_WARN_EMPTY_BODY = YES;
				CLANG_WARN_ENUM_CONVERSION = YES;
				CLANG_WARN_INFINITE_RECURSION = YES;
				CLANG_WARN_INT_CONVERSION = YES;
				CLANG_WARN_NON_LITERAL_NULL_CONVERSION = YES;
				CLANG_WARN_OBJC_IMPLICIT_RETAIN_SELF = YES;
				CLANG_WARN_OBJC_LITERAL_CONVERSION = YES;
				CLANG_WARN_OBJC_ROOT_CLASS = YES_ERROR;
				CLANG_WARN_QUOTED_INCLUDE_IN_FRAMEWORK_HEADER = YES;
				CLANG_WARN_RANGE_LOOP_ANALYSIS = YES;
				CLANG_WARN_STRICT_PROTOTYPES = YES;
				CLANG_WARN_SUSPICIOUS_MOVE = YES;
				CLANG_WARN_UNGUARDED_AVAILABILITY = YES_AGGRESSIVE;
				CLANG_WARN_UNREACHABLE_CODE = YES;
				CLANG_WARN__DUPLICATE_METHOD_MATCH = YES;
				COPY_PHASE_STRIP = NO;
				DEBUG_INFORMATION_FORMAT = "dwarf-with-dsym";
				ENABLE_NS_ASSERTIONS = NO;
				ENABLE_STRICT_OBJC_MSGSEND = YES;
				GCC_C_LANGUAGE_STANDARD = gnu11;
				GCC_NO_COMMON_BLOCKS = YES;
				GCC_WARN_64_TO_32_BIT_CONVERSION = YES;
				GCC_WARN_ABOUT_RETURN_TYPE = YES_ERROR;
				GCC_WARN_UNDECLARED_SELECTOR = YES;
				GCC_WARN_UNINITIALIZED_AUTOS = YES_AGGRESSIVE;
				GCC_WARN_UNUSED_FUNCTION = YES;
				GCC_WARN_UNUSED_VARIABLE = YES;
				IPHONEOS_DEPLOYMENT_TARGET = 16.0;
				MTL_ENABLE_DEBUG_INFO = NO;
				MTL_FAST_MATH = YES;
				SDKROOT = iphoneos;
				SWIFT_COMPILATION_MODE = wholemodule;
				SWIFT_OPTIMIZATION_LEVEL = "-O";
				VALIDATE_PRODUCT = YES;
			};
			name = Release;
		};
		56BF0EE62923D4A20046AEB8 /* Debug */ = {
			isa = XCBuildConfiguration;
			buildSettings = {
				ASSETCATALOG_COMPILER_APPICON_NAME = AppIcon;
				ASSETCATALOG_COMPILER_GLOBAL_ACCENT_COLOR_NAME = AccentColor;
				CODE_SIGN_STYLE = Automatic;
				CURRENT_PROJECT_VERSION = 1;
				DEVELOPMENT_ASSET_PATHS = "\"NetworkingTutorial/Preview Content\"";
				ENABLE_PREVIEWS = YES;
				GENERATE_INFOPLIST_FILE = YES;
				INFOPLIST_KEY_UIApplicationSceneManifest_Generation = YES;
				INFOPLIST_KEY_UIApplicationSupportsIndirectInputEvents = YES;
				INFOPLIST_KEY_UILaunchScreen_Generation = YES;
				INFOPLIST_KEY_UISupportedInterfaceOrientations_iPad = "UIInterfaceOrientationPortrait UIInterfaceOrientationPortraitUpsideDown UIInterfaceOrientationLandscapeLeft UIInterfaceOrientationLandscapeRight";
				INFOPLIST_KEY_UISupportedInterfaceOrientations_iPhone = "UIInterfaceOrientationPortrait UIInterfaceOrientationLandscapeLeft UIInterfaceOrientationLandscapeRight";
				LD_RUNPATH_SEARCH_PATHS = (
					"$(inherited)",
					"@executable_path/Frameworks",
				);
				MARKETING_VERSION = 1.0;
				PRODUCT_BUNDLE_IDENTIFIER = com.app.NetworkingTutorial.NetworkingTutorial;
				PRODUCT_NAME = "$(TARGET_NAME)";
				SWIFT_EMIT_LOC_STRINGS = YES;
				SWIFT_VERSION = 5.0;
				TARGETED_DEVICE_FAMILY = "1,2";
			};
			name = Debug;
		};
		56BF0EE72923D4A20046AEB8 /* Release */ = {
			isa = XCBuildConfiguration;
			buildSettings = {
				ASSETCATALOG_COMPILER_APPICON_NAME = AppIcon;
				ASSETCATALOG_COMPILER_GLOBAL_ACCENT_COLOR_NAME = AccentColor;
				CODE_SIGN_STYLE = Automatic;
				CURRENT_PROJECT_VERSION = 1;
				DEVELOPMENT_ASSET_PATHS = "\"NetworkingTutorial/Preview Content\"";
				ENABLE_PREVIEWS = YES;
				GENERATE_INFOPLIST_FILE = YES;
				INFOPLIST_KEY_UIApplicationSceneManifest_Generation = YES;
				INFOPLIST_KEY_UIApplicationSupportsIndirectInputEvents = YES;
				INFOPLIST_KEY_UILaunchScreen_Generation = YES;
				INFOPLIST_KEY_UISupportedInterfaceOrientations_iPad = "UIInterfaceOrientationPortrait UIInterfaceOrientationPortraitUpsideDown UIInterfaceOrientationLandscapeLeft UIInterfaceOrientationLandscapeRight";
				INFOPLIST_KEY_UISupportedInterfaceOrientations_iPhone = "UIInterfaceOrientationPortrait UIInterfaceOrientationLandscapeLeft UIInterfaceOrientationLandscapeRight";
				LD_RUNPATH_SEARCH_PATHS = (
					"$(inherited)",
					"@executable_path/Frameworks",
				);
				MARKETING_VERSION = 1.0;
				PRODUCT_BUNDLE_IDENTIFIER = com.app.NetworkingTutorial.NetworkingTutorial;
				PRODUCT_NAME = "$(TARGET_NAME)";
				SWIFT_EMIT_LOC_STRINGS = YES;
				SWIFT_VERSION = 5.0;
				TARGETED_DEVICE_FAMILY = "1,2";
			};
			name = Release;
		};
/* End XCBuildConfiguration section */

/* Begin XCConfigurationList section */
		56BF0ED22923D4A00046AEB8 /* Build configuration list for PBXProject "NetworkingTutorial" */ = {
			isa = XCConfigurationList;
			buildConfigurations = (
				56BF0EE32923D4A20046AEB8 /* Debug */,
				56BF0EE42923D4A20046AEB8 /* Release */,
			);
			defaultConfigurationIsVisible = 0;
			defaultConfigurationName = Release;
		};
		56BF0EE52923D4A20046AEB8 /* Build configuration list for PBXNativeTarget "NetworkingTutorial" */ = {
			isa = XCConfigurationList;
			buildConfigurations = (
				56BF0EE62923D4A20046AEB8 /* Debug */,
				56BF0EE72923D4A20046AEB8 /* Release */,
			);
			defaultConfigurationIsVisible = 0;
			defaultConfigurationName = Release;
		};
/* End XCConfigurationList section */
	};
	rootObject = 56BF0ECF2923D4A00046AEB8 /* Project object */;
}
